<?xml version="1.0" encoding="utf-8"?>
<Project ToolsVersion="4.0" xmlns="http://schemas.microsoft.com/developer/msbuild/2003">
  <ItemGroup>
    <Filter Include="源文件">
      <UniqueIdentifier>{4FC737F1-C7A5-4376-A066-2A32D752A2FF}</UniqueIdentifier>
      <Extensions>cpp;c;cc;cxx;def;odl;idl;hpj;bat;asm;asmx</Extensions>
    </Filter>
    <Filter Include="头文件">
      <UniqueIdentifier>{93995380-89BD-4b04-88EB-625FBE52EBFB}</UniqueIdentifier>
      <Extensions>h;hh;hpp;hxx;hm;inl;inc;xsd</Extensions>
    </Filter>
    <Filter Include="资源文件">
      <UniqueIdentifier>{67DA6AB6-F800-4c08-8B7A-83BB121AAD01}</UniqueIdentifier>
      <Extensions>rc;ico;cur;bmp;dlg;rc2;rct;bin;rgs;gif;jpg;jpeg;jpe;resx;tiff;tif;png;wav;mfcribbon-ms</Extensions>
    </Filter>
    <Filter Include="源文件\common">
      <UniqueIdentifier>{8bd99fbd-902c-485a-9f2e-5ef0a4cad59b}</UniqueIdentifier>
    </Filter>
    <Filter Include="源文件\network">
      <UniqueIdentifier>{940c10c5-e95c-4332-8c97-7a850056fa09}</UniqueIdentifier>
    </Filter>
    <Filter Include="源文件\protocol">
      <UniqueIdentifier>{50cbacce-b800-44ac-bc21-42c251aa4434}</UniqueIdentifier>
    </Filter>
    <Filter Include="源文件\game">
      <UniqueIdentifier>{174a2a31-e9df-4561-9dc9-57a624d4f81f}</UniqueIdentifier>
    </Filter>
    <Filter Include="源文件\protocol\message">
      <UniqueIdentifier>{8d996a12-9e4a-438d-8c8b-04bc4b3d406c}</UniqueIdentifier>
    </Filter>
  </ItemGroup>
  <ItemGroup>
    <Text Include="ReadMe.txt" />
  </ItemGroup>
  <ItemGroup>
    <ClInclude Include="stdafx.h">
      <Filter>头文件</Filter>
    </ClInclude>
    <ClInclude Include="targetver.h">
      <Filter>头文件</Filter>
    </ClInclude>
    <ClInclude Include="common\SGMacro.h">
      <Filter>源文件\common</Filter>
    </ClInclude>
    <ClInclude Include="common\Runable.hpp">
      <Filter>源文件\common</Filter>
    </ClInclude>
    <ClInclude Include="common\ComInc.h">
      <Filter>源文件\common</Filter>
    </ClInclude>
    <ClInclude Include="common\Worker.h">
      <Filter>源文件\common</Filter>
    </ClInclude>
    <ClInclude Include="network\NetworkWorker.h">
      <Filter>源文件\network</Filter>
    </ClInclude>
    <ClInclude Include="common\Message.h">
      <Filter>源文件\common</Filter>
    </ClInclude>
    <ClInclude Include="common\Service.h">
      <Filter>源文件\common</Filter>
    </ClInclude>
    <ClInclude Include="network\Session.h">
      <Filter>源文件\network</Filter>
    </ClInclude>
    <ClInclude Include="network\SessionService.h">
      <Filter>源文件\network</Filter>
    </ClInclude>
    <ClInclude Include="network\SessionServiceManager.h">
      <Filter>源文件\network</Filter>
    </ClInclude>
    <ClInclude Include="common\BytesUtils.hpp">
      <Filter>源文件\common</Filter>
    </ClInclude>
    <ClInclude Include="protocol\message\SgMsgId.pb.h">
      <Filter>源文件\protocol\message</Filter>
    </ClInclude>
    <ClInclude Include="protocol\MessageFactory.h">
      <Filter>源文件\protocol</Filter>
    </ClInclude>
    <ClInclude Include="protocol\message\SgMsg.pb.h">
      <Filter>源文件\protocol\message</Filter>
    </ClInclude>
  </ItemGroup>
  <ItemGroup>
    <ClCompile Include="stdafx.cpp">
      <Filter>源文件</Filter>
    </ClCompile>
    <ClCompile Include="GameServer.cpp">
      <Filter>源文件</Filter>
    </ClCompile>
    <ClCompile Include="common\Worker.cpp">
      <Filter>源文件\common</Filter>
    </ClCompile>
    <ClCompile Include="network\NetworkWorker.cpp">
      <Filter>源文件\network</Filter>
    </ClCompile>
    <ClCompile Include="common\Service.cpp">
      <Filter>源文件\common</Filter>
    </ClCompile>
    <ClCompile Include="network\Session.cpp">
      <Filter>源文件\network</Filter>
    </ClCompile>
    <ClCompile Include="network\SessionService.cpp">
      <Filter>源文件\network</Filter>
    </ClCompile>
    <ClCompile Include="network\SessionServiceManager.cpp">
      <Filter>源文件\network</Filter>
    </ClCompile>
    <ClCompile Include="protocol\message\SgMsgId.pb.cc">
      <Filter>源文件\protocol\message</Filter>
    </ClCompile>
    <ClCompile Include="protocol\MessageFactory.cpp">
      <Filter>源文件\protocol</Filter>
    </ClCompile>
    <ClCompile Include="protocol\message\SgMsg.pb.cc">
      <Filter>源文件\protocol\message</Filter>
    </ClCompile>
  </ItemGroup>
</Project>