Microsoft Visual Studio Solution File, Format Version 11.00
# Visual Studio 2008

Project("{523A3AF6-9374-D51F-C794-020C37EDD658}") = "SgUnity", "Assembly-CSharp-vs.csproj", "{6ED6FC0B-15AF-E61E-2C57-5F915CBFC00F}"
EndProject
Project("{523A3AF6-9374-D51F-C794-020C37EDD658}") = "SgUnity", "Assembly-CSharp-Editor-vs.csproj", "{FBB09826-5A38-0C4B-47E8-AF986561FCD5}"
EndProject
Global
	GlobalSection(SolutionConfigurationPlatforms) = preSolution
		Debug|Any CPU = Debug|Any CPU
		Release|Any CPU = Release|Any CPU
	EndGlobalSection
	GlobalSection(ProjectConfigurationPlatforms) = postSolution
		{6ED6FC0B-15AF-E61E-2C57-5F915CBFC00F}.Debug|Any CPU.ActiveCfg = Debug|Any CPU
		{6ED6FC0B-15AF-E61E-2C57-5F915CBFC00F}.Debug|Any CPU.Build.0 = Debug|Any CPU
		{6ED6FC0B-15AF-E61E-2C57-5F915CBFC00F}.Release|Any CPU.ActiveCfg = Release|Any CPU
		{6ED6FC0B-15AF-E61E-2C57-5F915CBFC00F}.Release|Any CPU.Build.0 = Release|Any CPU
		{FBB09826-5A38-0C4B-47E8-AF986561FCD5}.Debug|Any CPU.ActiveCfg = Debug|Any CPU
		{FBB09826-5A38-0C4B-47E8-AF986561FCD5}.Debug|Any CPU.Build.0 = Debug|Any CPU
		{FBB09826-5A38-0C4B-47E8-AF986561FCD5}.Release|Any CPU.ActiveCfg = Release|Any CPU
		{FBB09826-5A38-0C4B-47E8-AF986561FCD5}.Release|Any CPU.Build.0 = Release|Any CPU
	EndGlobalSection
	GlobalSection(SolutionProperties) = preSolution
		HideSolutionNode = FALSE
	EndGlobalSection
																								GlobalSection(MonoDevelopProperties) = preSolution
		StartupItem = Assembly-CSharp.csproj
		Policies = $0
		$0.TextStylePolicy = $1
		$1.inheritsSet = null
		$1.scope = text/x-csharp
		$0.CSharpFormattingPolicy = $2
		$2.inheritsSet = Mono
		$2.inheritsScope = text/x-csharp
		$2.scope = text/x-csharp
		$0.TextStylePolicy = $3
		$3.FileWidth = 120
		$3.TabWidth = 4
		$3.EolMarker = Unix
		$3.inheritsSet = Mono
		$3.inheritsScope = text/plain
		$3.scope = text/plain
	EndGlobalSection

EndGlobal
